
Microsoft Visual Studio Solution File, Format Version 12.00
# Visual Studio 15
VisualStudioVersion = 15.0.28307.1401
MinimumVisualStudioVersion = 10.0.40219.1
Project("{8BC9CEB8-8B4A-11D0-8D11-00A0C91BC942}") = "cusfam_", "cusfam_\cusfam_.vcxproj", "{DF5D33A6-405E-419A-A916-BC8CA6627F0B}"
EndProject
Global
	GlobalSection(SolutionConfigurationPlatforms) = preSolution
		Debug|x64 = Debug|x64
		Debug|x86 = Debug|x86
		Release|x64 = Release|x64
		Release|x86 = Release|x86
	EndGlobalSection
	GlobalSection(ProjectConfigurationPlatforms) = postSolution
		{DF5D33A6-405E-419A-A916-BC8CA6627F0B}.Debug|x64.ActiveCfg = Debug|x64
		{DF5D33A6-405E-419A-A916-BC8CA6627F0B}.Debug|x64.Build.0 = Debug|x64
		{DF5D33A6-405E-419A-A916-BC8CA6627F0B}.Debug|x86.ActiveCfg = Debug|Win32
		{DF5D33A6-405E-419A-A916-BC8CA6627F0B}.Debug|x86.Build.0 = Debug|Win32
		{DF5D33A6-405E-419A-A916-BC8CA6627F0B}.Release|x64.ActiveCfg = Release|x64
		{DF5D33A6-405E-419A-A916-BC8CA6627F0B}.Release|x64.Build.0 = Release|x64
		{DF5D33A6-405E-419A-A916-BC8CA6627F0B}.Release|x86.ActiveCfg = Release|Win32
		{DF5D33A6-405E-419A-A916-BC8CA6627F0B}.Release|x86.Build.0 = Release|Win32
	EndGlobalSection
	GlobalSection(SolutionProperties) = preSolution
		HideSolutionNode = FALSE
	EndGlobalSection
	GlobalSection(ExtensibilityGlobals) = postSolution
		SolutionGuid = {96B3BA60-38B7-43F2-9402-42ED6DB0E7F2}
	EndGlobalSection
EndGlobal
